schema: '2.0'
stages:
  clean_data:
    cmd: python src/clean_data.py --input data/raw/books_google_dataset.csv --output
      data/processed/books_google_dataset.csv
    deps:
    - path: data/raw/books_google_dataset.csv
      hash: md5
      md5: fb986e694176649505eec4a383b8a3eb
      size: 4142211
    - path: src/clean_data.py
      hash: md5
      md5: 33f91439bac1bed59bf980d594bcbf48
      size: 3945
    outs:
    - path: data/processed/books_google_dataset.csv
      hash: md5
      md5: 298944aef10e960b7da44d40933728df
      size: 4050201
  feature_engineering:
    cmd: python src/feature_engineering.py --input data/processed/books_google_dataset.csv
      --output data/features/books_google_dataset.csv
    deps:
    - path: data/processed/books_google_dataset.csv
      hash: md5
      md5: 298944aef10e960b7da44d40933728df
      size: 4050201
    - path: src/feature_engineering.py
      hash: md5
      md5: 19a7c40f037bf2dc344f61512251fe21
      size: 4206
    outs:
    - path: data/features/books_google_dataset.csv
      hash: md5
      md5: 6c938d3b541743341686957991fbfa9f
      size: 19111990
